{
  "name": "randomutlitest",
  "version": "1.0.0",
  "lockfileVersion": 3,
  "requires": true,
  "packages": {
    "": {
      "name": "randomutlitest",
      "version": "1.0.0",
      "license": "ISC",
      "dependencies": {
        "@woowacourse/mission-utils": "^2.2.0"
      }
    },
    "node_modules/@woowacourse/mission-utils": {
      "version": "2.2.0",
      "resolved": "https://registry.npmjs.org/@woowacourse/mission-utils/-/mission-utils-2.2.0.tgz",
      "integrity": "sha512-yuG68cd42EsvI43c/7T6eQOKgobRkMGqvpN9gp4P134L1LQ/BksA+4hfDt8Qc71TzQEf3cb17y2L7BWwXudu8Q==",
      "engines": {
        "node": ">=20.17.0",
        "npm": ">=10.8.2"
      }
    }
  }
}
